
Microsoft Visual Studio Solution File, Format Version 12.00
# Visual Studio Version 17
VisualStudioVersion = 17.14.36518.9 d17.14
MinimumVisualStudioVersion = 10.0.40219.1
Project("{FAE04EC0-301F-11D3-BF4B-00C04F79EFBC}") = "EmlakTakipSistami", "EmlakTakipSistami\EmlakTakipSistami.csproj", "{6E2F8CDD-77E5-412D-9879-EF2F80A4BD84}"
EndProject
Global
	GlobalSection(SolutionConfigurationPlatforms) = preSolution
		Debug|Any CPU = Debug|Any CPU
		Release|Any CPU = Release|Any CPU
	EndGlobalSection
	GlobalSection(ProjectConfigurationPlatforms) = postSolution
		{6E2F8CDD-77E5-412D-9879-EF2F80A4BD84}.Debug|Any CPU.ActiveCfg = Debug|Any CPU
		{6E2F8CDD-77E5-412D-9879-EF2F80A4BD84}.Debug|Any CPU.Build.0 = Debug|Any CPU
		{6E2F8CDD-77E5-412D-9879-EF2F80A4BD84}.Release|Any CPU.ActiveCfg = Release|Any CPU
		{6E2F8CDD-77E5-412D-9879-EF2F80A4BD84}.Release|Any CPU.Build.0 = Release|Any CPU
	EndGlobalSection
	GlobalSection(SolutionProperties) = preSolution
		HideSolutionNode = FALSE
	EndGlobalSection
	GlobalSection(ExtensibilityGlobals) = postSolution
		SolutionGuid = {020F1FA5-01D5-42D4-A9D4-DF6BE51B31B1}
	EndGlobalSection
EndGlobal
